// !$*UTF8*$!
{
	archiveVersion = 1;
	classes = {
	};
	objectVersion = 50;
	objects = {

/* Begin PBXBuildFile section */
		EB1147D6280DC71F0082D80E /* index.html in Resources */ = {isa = PBXBuildFile; fileRef = EB1147D4280DC71F0082D80E /* index.html */; };
		EB1147D7280DC71F0082D80E /* index.html in Resources */ = {isa = PBXBuildFile; fileRef = EB1147D4280DC71F0082D80E /* index.html */; };
		EB1147D8280DC71F0082D80E /* index.html in Resources */ = {isa = PBXBuildFile; fileRef = EB1147D4280DC71F0082D80E /* index.html */; };
		EB1147D9280DC71F0082D80E /* index.html in Resources */ = {isa = PBXBuildFile; fileRef = EB1147D4280DC71F0082D80E /* index.html */; };
		EB1147DA280DC71F0082D80E /* next in Resources */ = {isa = PBXBuildFile; fileRef = EB1147D5280DC71F0082D80E /* next */; };
		EB1147DB280DC71F0082D80E /* next in Resources */ = {isa = PBXBuildFile; fileRef = EB1147D5280DC71F0082D80E /* next */; };
		EB1147DC280DC71F0082D80E /* next in Resources */ = {isa = PBXBuildFile; fileRef = EB1147D5280DC71F0082D80E /* next */; };
		EB1147DD280DC71F0082D80E /* next in Resources */ = {isa = PBXBuildFile; fileRef = EB1147D5280DC71F0082D80E /* next */; };
		EB405CF3280DB1DA0070C49A /* AppDelegate.swift in Sources */ = {isa = PBXBuildFile; fileRef = EB405CF2280DB1DA0070C49A /* AppDelegate.swift */; };
		EB405CF6280DB1DA0070C49A /* Main.storyboard in Resources */ = {isa = PBXBuildFile; fileRef = EB405CF4280DB1DA0070C49A /* Main.storyboard */; };
		EB405CF8280DB1DA0070C49A /* ViewController.swift in Sources */ = {isa = PBXBuildFile; fileRef = EB405CF7280DB1DA0070C49A /* ViewController.swift */; };
		EB405CFA280DB1DB0070C49A /* Assets.xcassets in Resources */ = {isa = PBXBuildFile; fileRef = EB405CF9280DB1DB0070C49A /* Assets.xcassets */; };
		EB405D05280DB1DC0070C49A /* safari_extensionTests.swift in Sources */ = {isa = PBXBuildFile; fileRef = EB405D04280DB1DC0070C49A /* safari_extensionTests.swift */; };
		EB405D10280DB1DC0070C49A /* safari_extensionUITests.swift in Sources */ = {isa = PBXBuildFile; fileRef = EB405D0F280DB1DC0070C49A /* safari_extensionUITests.swift */; };
		EB405D17280DB1DC0070C49A /* safari-extension Extension.appex in Embed App Extensions */ = {isa = PBXBuildFile; fileRef = EB405D16280DB1DC0070C49A /* safari-extension Extension.appex */; settings = {ATTRIBUTES = (RemoveHeadersOnCopy, ); }; };
		EB405D1C280DB1DC0070C49A /* Cocoa.framework in Frameworks */ = {isa = PBXBuildFile; fileRef = EB405D1B280DB1DC0070C49A /* Cocoa.framework */; };
		EB405D1F280DB1DC0070C49A /* SafariWebExtensionHandler.swift in Sources */ = {isa = PBXBuildFile; fileRef = EB405D1E280DB1DC0070C49A /* SafariWebExtensionHandler.swift */; };
		EB405D26280DB1DC0070C49A /* manifest.json in Resources */ = {isa = PBXBuildFile; fileRef = EB405D25280DB1DC0070C49A /* manifest.json */; };
		EB55448D281712B700344CE9 /* worker.js in Resources */ = {isa = PBXBuildFile; fileRef = EB55448C281712B600344CE9 /* worker.js */; };
		EB55448E281712B700344CE9 /* worker.js in Resources */ = {isa = PBXBuildFile; fileRef = EB55448C281712B600344CE9 /* worker.js */; };
		EB55448F281712B700344CE9 /* worker.js in Resources */ = {isa = PBXBuildFile; fileRef = EB55448C281712B600344CE9 /* worker.js */; };
		EB554490281712B700344CE9 /* worker.js in Resources */ = {isa = PBXBuildFile; fileRef = EB55448C281712B600344CE9 /* worker.js */; };
		EB554492281712BE00344CE9 /* inject.js in Resources */ = {isa = PBXBuildFile; fileRef = EB554491281712BE00344CE9 /* inject.js */; };
		EB554493281712BE00344CE9 /* inject.js in Resources */ = {isa = PBXBuildFile; fileRef = EB554491281712BE00344CE9 /* inject.js */; };
		EB554494281712BE00344CE9 /* inject.js in Resources */ = {isa = PBXBuildFile; fileRef = EB554491281712BE00344CE9 /* inject.js */; };
		EB554495281712BE00344CE9 /* inject.js in Resources */ = {isa = PBXBuildFile; fileRef = EB554491281712BE00344CE9 /* inject.js */; };
		EB554497281712C900344CE9 /* browser.js in Resources */ = {isa = PBXBuildFile; fileRef = EB554496281712C900344CE9 /* browser.js */; };
		EB554498281712C900344CE9 /* browser.js in Resources */ = {isa = PBXBuildFile; fileRef = EB554496281712C900344CE9 /* browser.js */; };
		EB554499281712C900344CE9 /* browser.js in Resources */ = {isa = PBXBuildFile; fileRef = EB554496281712C900344CE9 /* browser.js */; };
		EB55449A281712C900344CE9 /* browser.js in Resources */ = {isa = PBXBuildFile; fileRef = EB554496281712C900344CE9 /* browser.js */; };
		EB57ED82281823C9003A09EE /* manifest.json in Resources */ = {isa = PBXBuildFile; fileRef = EB405D25280DB1DC0070C49A /* manifest.json */; };
		EB57ED83281823CA003A09EE /* manifest.json in Resources */ = {isa = PBXBuildFile; fileRef = EB405D25280DB1DC0070C49A /* manifest.json */; };
		EB57ED84281823CA003A09EE /* manifest.json in Resources */ = {isa = PBXBuildFile; fileRef = EB405D25280DB1DC0070C49A /* manifest.json */; };
		EBDD0C2928181C71001050A7 /* Clipped.png in Resources */ = {isa = PBXBuildFile; fileRef = EBDD0C2828181C71001050A7 /* Clipped.png */; };
		EBDD0C2A28181C71001050A7 /* Clipped.png in Resources */ = {isa = PBXBuildFile; fileRef = EBDD0C2828181C71001050A7 /* Clipped.png */; };
		EBDD0C2B28181C71001050A7 /* Clipped.png in Resources */ = {isa = PBXBuildFile; fileRef = EBDD0C2828181C71001050A7 /* Clipped.png */; };
		EBDD0C2C28181C71001050A7 /* Clipped.png in Resources */ = {isa = PBXBuildFile; fileRef = EBDD0C2828181C71001050A7 /* Clipped.png */; };
/* End PBXBuildFile section */

/* Begin PBXContainerItemProxy section */
		EB405D01280DB1DC0070C49A /* PBXContainerItemProxy */ = {
			isa = PBXContainerItemProxy;
			containerPortal = EB405CE6280DB1DA0070C49A /* Project object */;
			proxyType = 1;
			remoteGlobalIDString = EB405CED280DB1DA0070C49A;
			remoteInfo = "safari-extension";
		};
		EB405D0C280DB1DC0070C49A /* PBXContainerItemProxy */ = {
			isa = PBXContainerItemProxy;
			containerPortal = EB405CE6280DB1DA0070C49A /* Project object */;
			proxyType = 1;
			remoteGlobalIDString = EB405CED280DB1DA0070C49A;
			remoteInfo = "safari-extension";
		};
		EB405D18280DB1DC0070C49A /* PBXContainerItemProxy */ = {
			isa = PBXContainerItemProxy;
			containerPortal = EB405CE6280DB1DA0070C49A /* Project object */;
			proxyType = 1;
			remoteGlobalIDString = EB405D15280DB1DC0070C49A;
			remoteInfo = "safari-extension Extension";
		};
/* End PBXContainerItemProxy section */

/* Begin PBXCopyFilesBuildPhase section */
		EB405D38280DB1DC0070C49A /* Embed App Extensions */ = {
			isa = PBXCopyFilesBuildPhase;
			buildActionMask = 2147483647;
			dstPath = "";
			dstSubfolderSpec = 13;
			files = (
				EB405D17280DB1DC0070C49A /* safari-extension Extension.appex in Embed App Extensions */,
			);
			name = "Embed App Extensions";
			runOnlyForDeploymentPostprocessing = 0;
		};
/* End PBXCopyFilesBuildPhase section */

/* Begin PBXFileReference section */
		EB1147D4280DC71F0082D80E /* index.html */ = {isa = PBXFileReference; fileEncoding = 4; lastKnownFileType = text.html; path = index.html; sourceTree = "<group>"; };
		EB1147D5280DC71F0082D80E /* next */ = {isa = PBXFileReference; lastKnownFileType = folder; path = next; sourceTree = "<group>"; };
		EB405CEE280DB1DA0070C49A /* safari-extension.app */ = {isa = PBXFileReference; explicitFileType = wrapper.application; includeInIndex = 0; path = "safari-extension.app"; sourceTree = BUILT_PRODUCTS_DIR; };
		EB405CF1280DB1DA0070C49A /* safari_extension.entitlements */ = {isa = PBXFileReference; lastKnownFileType = text.plist.entitlements; path = safari_extension.entitlements; sourceTree = "<group>"; };
		EB405CF2280DB1DA0070C49A /* AppDelegate.swift */ = {isa = PBXFileReference; lastKnownFileType = sourcecode.swift; path = AppDelegate.swift; sourceTree = "<group>"; };
		EB405CF5280DB1DA0070C49A /* Base */ = {isa = PBXFileReference; lastKnownFileType = file.storyboard; name = Base; path = Base.lproj/Main.storyboard; sourceTree = "<group>"; };
		EB405CF7280DB1DA0070C49A /* ViewController.swift */ = {isa = PBXFileReference; lastKnownFileType = sourcecode.swift; path = ViewController.swift; sourceTree = "<group>"; };
		EB405CF9280DB1DB0070C49A /* Assets.xcassets */ = {isa = PBXFileReference; lastKnownFileType = folder.assetcatalog; path = Assets.xcassets; sourceTree = "<group>"; };
		EB405CFB280DB1DB0070C49A /* Info.plist */ = {isa = PBXFileReference; lastKnownFileType = text.plist.xml; path = Info.plist; sourceTree = "<group>"; };
		EB405D00280DB1DC0070C49A /* safari-extensionTests.xctest */ = {isa = PBXFileReference; explicitFileType = wrapper.cfbundle; includeInIndex = 0; path = "safari-extensionTests.xctest"; sourceTree = BUILT_PRODUCTS_DIR; };
		EB405D04280DB1DC0070C49A /* safari_extensionTests.swift */ = {isa = PBXFileReference; lastKnownFileType = sourcecode.swift; path = safari_extensionTests.swift; sourceTree = "<group>"; };
		EB405D06280DB1DC0070C49A /* Info.plist */ = {isa = PBXFileReference; lastKnownFileType = text.plist.xml; path = Info.plist; sourceTree = "<group>"; };
		EB405D0B280DB1DC0070C49A /* safari-extensionUITests.xctest */ = {isa = PBXFileReference; explicitFileType = wrapper.cfbundle; includeInIndex = 0; path = "safari-extensionUITests.xctest"; sourceTree = BUILT_PRODUCTS_DIR; };
		EB405D0F280DB1DC0070C49A /* safari_extensionUITests.swift */ = {isa = PBXFileReference; lastKnownFileType = sourcecode.swift; path = safari_extensionUITests.swift; sourceTree = "<group>"; };
		EB405D11280DB1DC0070C49A /* Info.plist */ = {isa = PBXFileReference; lastKnownFileType = text.plist.xml; path = Info.plist; sourceTree = "<group>"; };
		EB405D16280DB1DC0070C49A /* safari-extension Extension.appex */ = {isa = PBXFileReference; explicitFileType = "wrapper.app-extension"; includeInIndex = 0; path = "safari-extension Extension.appex"; sourceTree = BUILT_PRODUCTS_DIR; };
		EB405D1B280DB1DC0070C49A /* Cocoa.framework */ = {isa = PBXFileReference; lastKnownFileType = wrapper.framework; name = Cocoa.framework; path = System/Library/Frameworks/Cocoa.framework; sourceTree = SDKROOT; };
		EB405D1E280DB1DC0070C49A /* SafariWebExtensionHandler.swift */ = {isa = PBXFileReference; lastKnownFileType = sourcecode.swift; path = SafariWebExtensionHandler.swift; sourceTree = "<group>"; };
		EB405D25280DB1DC0070C49A /* manifest.json */ = {isa = PBXFileReference; fileEncoding = 4; lastKnownFileType = text.json; path = manifest.json; sourceTree = "<group>"; };
		EB405D31280DB1DC0070C49A /* Info.plist */ = {isa = PBXFileReference; lastKnownFileType = text.plist.xml; path = Info.plist; sourceTree = "<group>"; };
		EB405D32280DB1DC0070C49A /* safari_extension_Extension.entitlements */ = {isa = PBXFileReference; lastKnownFileType = text.plist.entitlements; path = safari_extension_Extension.entitlements; sourceTree = "<group>"; };
		EB55448C281712B600344CE9 /* worker.js */ = {isa = PBXFileReference; fileEncoding = 4; lastKnownFileType = sourcecode.javascript; path = worker.js; sourceTree = "<group>"; };
		EB554491281712BE00344CE9 /* inject.js */ = {isa = PBXFileReference; fileEncoding = 4; lastKnownFileType = sourcecode.javascript; path = inject.js; sourceTree = "<group>"; };
		EB554496281712C900344CE9 /* browser.js */ = {isa = PBXFileReference; fileEncoding = 4; lastKnownFileType = sourcecode.javascript; path = browser.js; sourceTree = "<group>"; };
		EBDD0C2828181C71001050A7 /* Clipped.png */ = {isa = PBXFileReference; lastKnownFileType = image.png; name = Clipped.png; path = "../../../../../../../../../Users/Cartmate/safari-extension/safari-extension Extension/Resources/Clipped.png"; sourceTree = SDKROOT; };
/* End PBXFileReference section */

/* Begin PBXFrameworksBuildPhase section */
		EB405CEB280DB1DA0070C49A /* Frameworks */ = {
			isa = PBXFrameworksBuildPhase;
			buildActionMask = 2147483647;
			files = (
			);
			runOnlyForDeploymentPostprocessing = 0;
		};
		EB405CFD280DB1DC0070C49A /* Frameworks */ = {
			isa = PBXFrameworksBuildPhase;
			buildActionMask = 2147483647;
			files = (
			);
			runOnlyForDeploymentPostprocessing = 0;
		};
		EB405D08280DB1DC0070C49A /* Frameworks */ = {
			isa = PBXFrameworksBuildPhase;
			buildActionMask = 2147483647;
			files = (
			);
			runOnlyForDeploymentPostprocessing = 0;
		};
		EB405D13280DB1DC0070C49A /* Frameworks */ = {
			isa = PBXFrameworksBuildPhase;
			buildActionMask = 2147483647;
			files = (
				EB405D1C280DB1DC0070C49A /* Cocoa.framework in Frameworks */,
			);
			runOnlyForDeploymentPostprocessing = 0;
		};
/* End PBXFrameworksBuildPhase section */

/* Begin PBXGroup section */
		EB405CE5280DB1DA0070C49A = {
			isa = PBXGroup;
			children = (
				EB405CF0280DB1DA0070C49A /* safari-extension */,
				EB405D03280DB1DC0070C49A /* safari-extensionTests */,
				EB405D0E280DB1DC0070C49A /* safari-extensionUITests */,
				EB405D1D280DB1DC0070C49A /* safari-extension Extension */,
				EB405D1A280DB1DC0070C49A /* Frameworks */,
				EB405CEF280DB1DA0070C49A /* Products */,
			);
			sourceTree = "<group>";
		};
		EB405CEF280DB1DA0070C49A /* Products */ = {
			isa = PBXGroup;
			children = (
				EB405CEE280DB1DA0070C49A /* safari-extension.app */,
				EB405D00280DB1DC0070C49A /* safari-extensionTests.xctest */,
				EB405D0B280DB1DC0070C49A /* safari-extensionUITests.xctest */,
				EB405D16280DB1DC0070C49A /* safari-extension Extension.appex */,
			);
			name = Products;
			sourceTree = "<group>";
		};
		EB405CF0280DB1DA0070C49A /* safari-extension */ = {
			isa = PBXGroup;
			children = (
				EB405CF1280DB1DA0070C49A /* safari_extension.entitlements */,
				EB405CF2280DB1DA0070C49A /* AppDelegate.swift */,
				EB405CF4280DB1DA0070C49A /* Main.storyboard */,
				EB405CF7280DB1DA0070C49A /* ViewController.swift */,
				EB405CF9280DB1DB0070C49A /* Assets.xcassets */,
				EB405CFB280DB1DB0070C49A /* Info.plist */,
			);
			path = "safari-extension";
			sourceTree = "<group>";
		};
		EB405D03280DB1DC0070C49A /* safari-extensionTests */ = {
			isa = PBXGroup;
			children = (
				EB405D04280DB1DC0070C49A /* safari_extensionTests.swift */,
				EB405D06280DB1DC0070C49A /* Info.plist */,
			);
			path = "safari-extensionTests";
			sourceTree = "<group>";
		};
		EB405D0E280DB1DC0070C49A /* safari-extensionUITests */ = {
			isa = PBXGroup;
			children = (
				EB405D0F280DB1DC0070C49A /* safari_extensionUITests.swift */,
				EB405D11280DB1DC0070C49A /* Info.plist */,
			);
			path = "safari-extensionUITests";
			sourceTree = "<group>";
		};
		EB405D1A280DB1DC0070C49A /* Frameworks */ = {
			isa = PBXGroup;
			children = (
				EB405D1B280DB1DC0070C49A /* Cocoa.framework */,
			);
			name = Frameworks;
			sourceTree = "<group>";
		};
		EB405D1D280DB1DC0070C49A /* safari-extension Extension */ = {
			isa = PBXGroup;
			children = (
				EB405D1E280DB1DC0070C49A /* SafariWebExtensionHandler.swift */,
				EB405D31280DB1DC0070C49A /* Info.plist */,
				EB405D32280DB1DC0070C49A /* safari_extension_Extension.entitlements */,
				EB405D20280DB1DC0070C49A /* Resources */,
			);
			path = "safari-extension Extension";
			sourceTree = "<group>";
		};
		EB405D20280DB1DC0070C49A /* Resources */ = {
			isa = PBXGroup;
			children = (
				EBDD0C2828181C71001050A7 /* Clipped.png */,
				EB554496281712C900344CE9 /* browser.js */,
				EB554491281712BE00344CE9 /* inject.js */,
				EB55448C281712B600344CE9 /* worker.js */,
				EB1147D4280DC71F0082D80E /* index.html */,
				EB1147D5280DC71F0082D80E /* next */,
				EB405D25280DB1DC0070C49A /* manifest.json */,
			);
			path = Resources;
			sourceTree = "<group>";
		};
/* End PBXGroup section */

/* Begin PBXNativeTarget section */
		EB405CED280DB1DA0070C49A /* safari-extension */ = {
			isa = PBXNativeTarget;
			buildConfigurationList = EB405D39280DB1DC0070C49A /* Build configuration list for PBXNativeTarget "safari-extension" */;
			buildPhases = (
				EB405CEA280DB1DA0070C49A /* Sources */,
				EB405CEB280DB1DA0070C49A /* Frameworks */,
				EB405CEC280DB1DA0070C49A /* Resources */,
				EB405D38280DB1DC0070C49A /* Embed App Extensions */,
			);
			buildRules = (
			);
			dependencies = (
				EB405D19280DB1DC0070C49A /* PBXTargetDependency */,
			);
			name = "safari-extension";
			productName = "safari-extension";
			productReference = EB405CEE280DB1DA0070C49A /* safari-extension.app */;
			productType = "com.apple.product-type.application";
		};
		EB405CFF280DB1DC0070C49A /* safari-extensionTests */ = {
			isa = PBXNativeTarget;
			buildConfigurationList = EB405D3C280DB1DC0070C49A /* Build configuration list for PBXNativeTarget "safari-extensionTests" */;
			buildPhases = (
				EB405CFC280DB1DC0070C49A /* Sources */,
				EB405CFD280DB1DC0070C49A /* Frameworks */,
				EB405CFE280DB1DC0070C49A /* Resources */,
			);
			buildRules = (
			);
			dependencies = (
				EB405D02280DB1DC0070C49A /* PBXTargetDependency */,
			);
			name = "safari-extensionTests";
			productName = "safari-extensionTests";
			productReference = EB405D00280DB1DC0070C49A /* safari-extensionTests.xctest */;
			productType = "com.apple.product-type.bundle.unit-test";
		};
		EB405D0A280DB1DC0070C49A /* safari-extensionUITests */ = {
			isa = PBXNativeTarget;
			buildConfigurationList = EB405D3F280DB1DC0070C49A /* Build configuration list for PBXNativeTarget "safari-extensionUITests" */;
			buildPhases = (
				EB405D07280DB1DC0070C49A /* Sources */,
				EB405D08280DB1DC0070C49A /* Frameworks */,
				EB405D09280DB1DC0070C49A /* Resources */,
			);
			buildRules = (
			);
			dependencies = (
				EB405D0D280DB1DC0070C49A /* PBXTargetDependency */,
			);
			name = "safari-extensionUITests";
			productName = "safari-extensionUITests";
			productReference = EB405D0B280DB1DC0070C49A /* safari-extensionUITests.xctest */;
			productType = "com.apple.product-type.bundle.ui-testing";
		};
		EB405D15280DB1DC0070C49A /* safari-extension Extension */ = {
			isa = PBXNativeTarget;
			buildConfigurationList = EB405D35280DB1DC0070C49A /* Build configuration list for PBXNativeTarget "safari-extension Extension" */;
			buildPhases = (
				EB405D12280DB1DC0070C49A /* Sources */,
				EB405D13280DB1DC0070C49A /* Frameworks */,
				EB405D14280DB1DC0070C49A /* Resources */,
			);
			buildRules = (
			);
			dependencies = (
			);
			name = "safari-extension Extension";
			productName = "safari-extension Extension";
			productReference = EB405D16280DB1DC0070C49A /* safari-extension Extension.appex */;
			productType = "com.apple.product-type.app-extension";
		};
/* End PBXNativeTarget section */

/* Begin PBXProject section */
		EB405CE6280DB1DA0070C49A /* Project object */ = {
			isa = PBXProject;
			attributes = {
				LastSwiftUpdateCheck = 1250;
				LastUpgradeCheck = 1250;
				TargetAttributes = {
					EB405CED280DB1DA0070C49A = {
						CreatedOnToolsVersion = 12.5.1;
					};
					EB405CFF280DB1DC0070C49A = {
						CreatedOnToolsVersion = 12.5.1;
						TestTargetID = EB405CED280DB1DA0070C49A;
					};
					EB405D0A280DB1DC0070C49A = {
						CreatedOnToolsVersion = 12.5.1;
						TestTargetID = EB405CED280DB1DA0070C49A;
					};
					EB405D15280DB1DC0070C49A = {
						CreatedOnToolsVersion = 12.5.1;
					};
				};
			};
			buildConfigurationList = EB405CE9280DB1DA0070C49A /* Build configuration list for PBXProject "safari-extension" */;
			compatibilityVersion = "Xcode 9.3";
			developmentRegion = en;
			hasScannedForEncodings = 0;
			knownRegions = (
				en,
				Base,
			);
			mainGroup = EB405CE5280DB1DA0070C49A;
			productRefGroup = EB405CEF280DB1DA0070C49A /* Products */;
			projectDirPath = "";
			projectRoot = "";
			targets = (
				EB405CED280DB1DA0070C49A /* safari-extension */,
				EB405CFF280DB1DC0070C49A /* safari-extensionTests */,
				EB405D0A280DB1DC0070C49A /* safari-extensionUITests */,
				EB405D15280DB1DC0070C49A /* safari-extension Extension */,
			);
		};
/* End PBXProject section */

/* Begin PBXResourcesBuildPhase section */
		EB405CEC280DB1DA0070C49A /* Resources */ = {
			isa = PBXResourcesBuildPhase;
			buildActionMask = 2147483647;
			files = (
				EB1147D6280DC71F0082D80E /* index.html in Resources */,
				EB55448D281712B700344CE9 /* worker.js in Resources */,
				EB554497281712C900344CE9 /* browser.js in Resources */,
				EB405CFA280DB1DB0070C49A /* Assets.xcassets in Resources */,
				EB57ED84281823CA003A09EE /* manifest.json in Resources */,
				EB405CF6280DB1DA0070C49A /* Main.storyboard in Resources */,
				EB1147DA280DC71F0082D80E /* next in Resources */,
				EB554492281712BE00344CE9 /* inject.js in Resources */,
				EBDD0C2928181C71001050A7 /* Clipped.png in Resources */,
			);
			runOnlyForDeploymentPostprocessing = 0;
		};
		EB405CFE280DB1DC0070C49A /* Resources */ = {
			isa = PBXResourcesBuildPhase;
			buildActionMask = 2147483647;
			files = (
				EB554498281712C900344CE9 /* browser.js in Resources */,
				EB57ED83281823CA003A09EE /* manifest.json in Resources */,
				EB1147D7280DC71F0082D80E /* index.html in Resources */,
				EB554493281712BE00344CE9 /* inject.js in Resources */,
				EBDD0C2A28181C71001050A7 /* Clipped.png in Resources */,
				EB55448E281712B700344CE9 /* worker.js in Resources */,
				EB1147DB280DC71F0082D80E /* next in Resources */,
			);
			runOnlyForDeploymentPostprocessing = 0;
		};
		EB405D09280DB1DC0070C49A /* Resources */ = {
			isa = PBXResourcesBuildPhase;
			buildActionMask = 2147483647;
			files = (
				EB554499281712C900344CE9 /* browser.js in Resources */,
				EB57ED82281823C9003A09EE /* manifest.json in Resources */,
				EB1147D8280DC71F0082D80E /* index.html in Resources */,
				EB554494281712BE00344CE9 /* inject.js in Resources */,
				EBDD0C2B28181C71001050A7 /* Clipped.png in Resources */,
				EB55448F281712B700344CE9 /* worker.js in Resources */,
				EB1147DC280DC71F0082D80E /* next in Resources */,
			);
			runOnlyForDeploymentPostprocessing = 0;
		};
		EB405D14280DB1DC0070C49A /* Resources */ = {
			isa = PBXResourcesBuildPhase;
			buildActionMask = 2147483647;
			files = (
				EB1147D9280DC71F0082D80E /* index.html in Resources */,
				EB55449A281712C900344CE9 /* browser.js in Resources */,
				EBDD0C2C28181C71001050A7 /* Clipped.png in Resources */,
				EB1147DD280DC71F0082D80E /* next in Resources */,
				EB554490281712B700344CE9 /* worker.js in Resources */,
				EB554495281712BE00344CE9 /* inject.js in Resources */,
				EB405D26280DB1DC0070C49A /* manifest.json in Resources */,
			);
			runOnlyForDeploymentPostprocessing = 0;
		};
/* End PBXResourcesBuildPhase section */

/* Begin PBXSourcesBuildPhase section */
		EB405CEA280DB1DA0070C49A /* Sources */ = {
			isa = PBXSourcesBuildPhase;
			buildActionMask = 2147483647;
			files = (
				EB405CF8280DB1DA0070C49A /* ViewController.swift in Sources */,
				EB405CF3280DB1DA0070C49A /* AppDelegate.swift in Sources */,
			);
			runOnlyForDeploymentPostprocessing = 0;
		};
		EB405CFC280DB1DC0070C49A /* Sources */ = {
			isa = PBXSourcesBuildPhase;
			buildActionMask = 2147483647;
			files = (
				EB405D05280DB1DC0070C49A /* safari_extensionTests.swift in Sources */,
			);
			runOnlyForDeploymentPostprocessing = 0;
		};
		EB405D07280DB1DC0070C49A /* Sources */ = {
			isa = PBXSourcesBuildPhase;
			buildActionMask = 2147483647;
			files = (
				EB405D10280DB1DC0070C49A /* safari_extensionUITests.swift in Sources */,
			);
			runOnlyForDeploymentPostprocessing = 0;
		};
		EB405D12280DB1DC0070C49A /* Sources */ = {
			isa = PBXSourcesBuildPhase;
			buildActionMask = 2147483647;
			files = (
				EB405D1F280DB1DC0070C49A /* SafariWebExtensionHandler.swift in Sources */,
			);
			runOnlyForDeploymentPostprocessing = 0;
		};
/* End PBXSourcesBuildPhase section */

/* Begin PBXTargetDependency section */
		EB405D02280DB1DC0070C49A /* PBXTargetDependency */ = {
			isa = PBXTargetDependency;
			target = EB405CED280DB1DA0070C49A /* safari-extension */;
			targetProxy = EB405D01280DB1DC0070C49A /* PBXContainerItemProxy */;
		};
		EB405D0D280DB1DC0070C49A /* PBXTargetDependency */ = {
			isa = PBXTargetDependency;
			target = EB405CED280DB1DA0070C49A /* safari-extension */;
			targetProxy = EB405D0C280DB1DC0070C49A /* PBXContainerItemProxy */;
		};
		EB405D19280DB1DC0070C49A /* PBXTargetDependency */ = {
			isa = PBXTargetDependency;
			target = EB405D15280DB1DC0070C49A /* safari-extension Extension */;
			targetProxy = EB405D18280DB1DC0070C49A /* PBXContainerItemProxy */;
		};
/* End PBXTargetDependency section */

/* Begin PBXVariantGroup section */
		EB405CF4280DB1DA0070C49A /* Main.storyboard */ = {
			isa = PBXVariantGroup;
			children = (
				EB405CF5280DB1DA0070C49A /* Base */,
			);
			name = Main.storyboard;
			sourceTree = "<group>";
		};
/* End PBXVariantGroup section */

/* Begin XCBuildConfiguration section */
		EB405D33280DB1DC0070C49A /* Debug */ = {
			isa = XCBuildConfiguration;
			buildSettings = {
				ALWAYS_SEARCH_USER_PATHS = NO;
				CLANG_ANALYZER_NONNULL = YES;
				CLANG_ANALYZER_NUMBER_OBJECT_CONVERSION = YES_AGGRESSIVE;
				CLANG_CXX_LANGUAGE_STANDARD = "gnu++14";
				CLANG_CXX_LIBRARY = "libc++";
				CLANG_ENABLE_MODULES = YES;
				CLANG_ENABLE_OBJC_ARC = YES;
				CLANG_ENABLE_OBJC_WEAK = YES;
				CLANG_WARN_BLOCK_CAPTURE_AUTORELEASING = YES;
				CLANG_WARN_BOOL_CONVERSION = YES;
				CLANG_WARN_COMMA = YES;
				CLANG_WARN_CONSTANT_CONVERSION = YES;
				CLANG_WARN_DEPRECATED_OBJC_IMPLEMENTATIONS = YES;
				CLANG_WARN_DIRECT_OBJC_ISA_USAGE = YES_ERROR;
				CLANG_WARN_DOCUMENTATION_COMMENTS = YES;
				CLANG_WARN_EMPTY_BODY = YES;
				CLANG_WARN_ENUM_CONVERSION = YES;
				CLANG_WARN_INFINITE_RECURSION = YES;
				CLANG_WARN_INT_CONVERSION = YES;
				CLANG_WARN_NON_LITERAL_NULL_CONVERSION = YES;
				CLANG_WARN_OBJC_IMPLICIT_RETAIN_SELF = YES;
				CLANG_WARN_OBJC_LITERAL_CONVERSION = YES;
				CLANG_WARN_OBJC_ROOT_CLASS = YES_ERROR;
				CLANG_WARN_QUOTED_INCLUDE_IN_FRAMEWORK_HEADER = YES;
				CLANG_WARN_RANGE_LOOP_ANALYSIS = YES;
				CLANG_WARN_STRICT_PROTOTYPES = YES;
				CLANG_WARN_SUSPICIOUS_MOVE = YES;
				CLANG_WARN_UNGUARDED_AVAILABILITY = YES_AGGRESSIVE;
				CLANG_WARN_UNREACHABLE_CODE = YES;
				CLANG_WARN__DUPLICATE_METHOD_MATCH = YES;
				COPY_PHASE_STRIP = NO;
				DEBUG_INFORMATION_FORMAT = dwarf;
				ENABLE_STRICT_OBJC_MSGSEND = YES;
				ENABLE_TESTABILITY = YES;
				GCC_C_LANGUAGE_STANDARD = gnu11;
				GCC_DYNAMIC_NO_PIC = NO;
				GCC_NO_COMMON_BLOCKS = YES;
				GCC_OPTIMIZATION_LEVEL = 0;
				GCC_PREPROCESSOR_DEFINITIONS = (
					"DEBUG=1",
					"$(inherited)",
				);
				GCC_WARN_64_TO_32_BIT_CONVERSION = YES;
				GCC_WARN_ABOUT_RETURN_TYPE = YES_ERROR;
				GCC_WARN_UNDECLARED_SELECTOR = YES;
				GCC_WARN_UNINITIALIZED_AUTOS = YES_AGGRESSIVE;
				GCC_WARN_UNUSED_FUNCTION = YES;
				GCC_WARN_UNUSED_VARIABLE = YES;
				MACOSX_DEPLOYMENT_TARGET = 11.2;
				MTL_ENABLE_DEBUG_INFO = INCLUDE_SOURCE;
				MTL_FAST_MATH = YES;
				ONLY_ACTIVE_ARCH = YES;
				SDKROOT = macosx;
				SWIFT_ACTIVE_COMPILATION_CONDITIONS = DEBUG;
				SWIFT_OPTIMIZATION_LEVEL = "-Onone";
			};
			name = Debug;
		};
		EB405D34280DB1DC0070C49A /* Release */ = {
			isa = XCBuildConfiguration;
			buildSettings = {
				ALWAYS_SEARCH_USER_PATHS = NO;
				CLANG_ANALYZER_NONNULL = YES;
				CLANG_ANALYZER_NUMBER_OBJECT_CONVERSION = YES_AGGRESSIVE;
				CLANG_CXX_LANGUAGE_STANDARD = "gnu++14";
				CLANG_CXX_LIBRARY = "libc++";
				CLANG_ENABLE_MODULES = YES;
				CLANG_ENABLE_OBJC_ARC = YES;
				CLANG_ENABLE_OBJC_WEAK = YES;
				CLANG_WARN_BLOCK_CAPTURE_AUTORELEASING = YES;
				CLANG_WARN_BOOL_CONVERSION = YES;
				CLANG_WARN_COMMA = YES;
				CLANG_WARN_CONSTANT_CONVERSION = YES;
				CLANG_WARN_DEPRECATED_OBJC_IMPLEMENTATIONS = YES;
				CLANG_WARN_DIRECT_OBJC_ISA_USAGE = YES_ERROR;
				CLANG_WARN_DOCUMENTATION_COMMENTS = YES;
				CLANG_WARN_EMPTY_BODY = YES;
				CLANG_WARN_ENUM_CONVERSION = YES;
				CLANG_WARN_INFINITE_RECURSION = YES;
				CLANG_WARN_INT_CONVERSION = YES;
				CLANG_WARN_NON_LITERAL_NULL_CONVERSION = YES;
				CLANG_WARN_OBJC_IMPLICIT_RETAIN_SELF = YES;
				CLANG_WARN_OBJC_LITERAL_CONVERSION = YES;
				CLANG_WARN_OBJC_ROOT_CLASS = YES_ERROR;
				CLANG_WARN_QUOTED_INCLUDE_IN_FRAMEWORK_HEADER = YES;
				CLANG_WARN_RANGE_LOOP_ANALYSIS = YES;
				CLANG_WARN_STRICT_PROTOTYPES = YES;
				CLANG_WARN_SUSPICIOUS_MOVE = YES;
				CLANG_WARN_UNGUARDED_AVAILABILITY = YES_AGGRESSIVE;
				CLANG_WARN_UNREACHABLE_CODE = YES;
				CLANG_WARN__DUPLICATE_METHOD_MATCH = YES;
				COPY_PHASE_STRIP = NO;
				DEBUG_INFORMATION_FORMAT = "dwarf-with-dsym";
				ENABLE_NS_ASSERTIONS = NO;
				ENABLE_STRICT_OBJC_MSGSEND = YES;
				GCC_C_LANGUAGE_STANDARD = gnu11;
				GCC_NO_COMMON_BLOCKS = YES;
				GCC_WARN_64_TO_32_BIT_CONVERSION = YES;
				GCC_WARN_ABOUT_RETURN_TYPE = YES_ERROR;
				GCC_WARN_UNDECLARED_SELECTOR = YES;
				GCC_WARN_UNINITIALIZED_AUTOS = YES_AGGRESSIVE;
				GCC_WARN_UNUSED_FUNCTION = YES;
				GCC_WARN_UNUSED_VARIABLE = YES;
				MACOSX_DEPLOYMENT_TARGET = 11.2;
				MTL_ENABLE_DEBUG_INFO = NO;
				MTL_FAST_MATH = YES;
				SDKROOT = macosx;
				SWIFT_COMPILATION_MODE = wholemodule;
				SWIFT_OPTIMIZATION_LEVEL = "-O";
			};
			name = Release;
		};
		EB405D36280DB1DC0070C49A /* Debug */ = {
			isa = XCBuildConfiguration;
			buildSettings = {
				CODE_SIGN_ENTITLEMENTS = "safari-extension Extension/safari_extension_Extension.entitlements";
				CODE_SIGN_STYLE = Automatic;
				INFOPLIST_FILE = "safari-extension Extension/Info.plist";
				LD_RUNPATH_SEARCH_PATHS = (
					"$(inherited)",
					"@executable_path/../Frameworks",
					"@executable_path/../../../../Frameworks",
				);
				MACOSX_DEPLOYMENT_TARGET = 10.14;
				PRODUCT_BUNDLE_IDENTIFIER = "tonwhales.safari-extension.Extension";
				PRODUCT_NAME = "$(TARGET_NAME)";
				SKIP_INSTALL = YES;
				SWIFT_VERSION = 5.0;
			};
			name = Debug;
		};
		EB405D37280DB1DC0070C49A /* Release */ = {
			isa = XCBuildConfiguration;
			buildSettings = {
				CODE_SIGN_ENTITLEMENTS = "safari-extension Extension/safari_extension_Extension.entitlements";
				CODE_SIGN_STYLE = Automatic;
				INFOPLIST_FILE = "safari-extension Extension/Info.plist";
				LD_RUNPATH_SEARCH_PATHS = (
					"$(inherited)",
					"@executable_path/../Frameworks",
					"@executable_path/../../../../Frameworks",
				);
				MACOSX_DEPLOYMENT_TARGET = 10.14;
				PRODUCT_BUNDLE_IDENTIFIER = "tonwhales.safari-extension.Extension";
				PRODUCT_NAME = "$(TARGET_NAME)";
				SKIP_INSTALL = YES;
				SWIFT_VERSION = 5.0;
			};
			name = Release;
		};
		EB405D3A280DB1DC0070C49A /* Debug */ = {
			isa = XCBuildConfiguration;
			buildSettings = {
				ALWAYS_EMBED_SWIFT_STANDARD_LIBRARIES = YES;
				ASSETCATALOG_COMPILER_APPICON_NAME = AppIcon;
				ASSETCATALOG_COMPILER_GLOBAL_ACCENT_COLOR_NAME = AccentColor;
				CODE_SIGN_ENTITLEMENTS = "safari-extension/safari_extension.entitlements";
				CODE_SIGN_STYLE = Automatic;
				COMBINE_HIDPI_IMAGES = YES;
				INFOPLIST_FILE = "safari-extension/Info.plist";
				LD_RUNPATH_SEARCH_PATHS = (
					"$(inherited)",
					"@executable_path/../Frameworks",
				);
				MACOSX_DEPLOYMENT_TARGET = 10.14;
				PRODUCT_BUNDLE_IDENTIFIER = "tonwhales.safari-extension";
				PRODUCT_NAME = "$(TARGET_NAME)";
				SWIFT_VERSION = 5.0;
			};
			name = Debug;
		};
		EB405D3B280DB1DC0070C49A /* Release */ = {
			isa = XCBuildConfiguration;
			buildSettings = {
				ALWAYS_EMBED_SWIFT_STANDARD_LIBRARIES = YES;
				ASSETCATALOG_COMPILER_APPICON_NAME = AppIcon;
				ASSETCATALOG_COMPILER_GLOBAL_ACCENT_COLOR_NAME = AccentColor;
				CODE_SIGN_ENTITLEMENTS = "safari-extension/safari_extension.entitlements";
				CODE_SIGN_STYLE = Automatic;
				COMBINE_HIDPI_IMAGES = YES;
				INFOPLIST_FILE = "safari-extension/Info.plist";
				LD_RUNPATH_SEARCH_PATHS = (
					"$(inherited)",
					"@executable_path/../Frameworks",
				);
				MACOSX_DEPLOYMENT_TARGET = 10.14;
				PRODUCT_BUNDLE_IDENTIFIER = "tonwhales.safari-extension";
				PRODUCT_NAME = "$(TARGET_NAME)";
				SWIFT_VERSION = 5.0;
			};
			name = Release;
		};
		EB405D3D280DB1DC0070C49A /* Debug */ = {
			isa = XCBuildConfiguration;
			buildSettings = {
				ALWAYS_EMBED_SWIFT_STANDARD_LIBRARIES = YES;
				BUNDLE_LOADER = "$(TEST_HOST)";
				CODE_SIGN_STYLE = Automatic;
				COMBINE_HIDPI_IMAGES = YES;
				INFOPLIST_FILE = "safari-extensionTests/Info.plist";
				LD_RUNPATH_SEARCH_PATHS = (
					"$(inherited)",
					"@executable_path/../Frameworks",
					"@loader_path/../Frameworks",
				);
				MACOSX_DEPLOYMENT_TARGET = 10.14;
				PRODUCT_BUNDLE_IDENTIFIER = "tonwhales.safari-extensionTests";
				PRODUCT_NAME = "$(TARGET_NAME)";
				SWIFT_VERSION = 5.0;
				TEST_HOST = "$(BUILT_PRODUCTS_DIR)/safari-extension.app/Contents/MacOS/safari-extension";
			};
			name = Debug;
		};
		EB405D3E280DB1DC0070C49A /* Release */ = {
			isa = XCBuildConfiguration;
			buildSettings = {
				ALWAYS_EMBED_SWIFT_STANDARD_LIBRARIES = YES;
				BUNDLE_LOADER = "$(TEST_HOST)";
				CODE_SIGN_STYLE = Automatic;
				COMBINE_HIDPI_IMAGES = YES;
				INFOPLIST_FILE = "safari-extensionTests/Info.plist";
				LD_RUNPATH_SEARCH_PATHS = (
					"$(inherited)",
					"@executable_path/../Frameworks",
					"@loader_path/../Frameworks",
				);
				MACOSX_DEPLOYMENT_TARGET = 10.14;
				PRODUCT_BUNDLE_IDENTIFIER = "tonwhales.safari-extensionTests";
				PRODUCT_NAME = "$(TARGET_NAME)";
				SWIFT_VERSION = 5.0;
				TEST_HOST = "$(BUILT_PRODUCTS_DIR)/safari-extension.app/Contents/MacOS/safari-extension";
			};
			name = Release;
		};
		EB405D40280DB1DC0070C49A /* Debug */ = {
			isa = XCBuildConfiguration;
			buildSettings = {
				ALWAYS_EMBED_SWIFT_STANDARD_LIBRARIES = YES;
				CODE_SIGN_STYLE = Automatic;
				COMBINE_HIDPI_IMAGES = YES;
				INFOPLIST_FILE = "safari-extensionUITests/Info.plist";
				LD_RUNPATH_SEARCH_PATHS = (
					"$(inherited)",
					"@executable_path/../Frameworks",
					"@loader_path/../Frameworks",
				);
				PRODUCT_BUNDLE_IDENTIFIER = "tonwhales.safari-extensionUITests";
				PRODUCT_NAME = "$(TARGET_NAME)";
				SWIFT_VERSION = 5.0;
				TEST_TARGET_NAME = "safari-extension";
			};
			name = Debug;
		};
		EB405D41280DB1DC0070C49A /* Release */ = {
			isa = XCBuildConfiguration;
			buildSettings = {
				ALWAYS_EMBED_SWIFT_STANDARD_LIBRARIES = YES;
				CODE_SIGN_STYLE = Automatic;
				COMBINE_HIDPI_IMAGES = YES;
				INFOPLIST_FILE = "safari-extensionUITests/Info.plist";
				LD_RUNPATH_SEARCH_PATHS = (
					"$(inherited)",
					"@executable_path/../Frameworks",
					"@loader_path/../Frameworks",
				);
				PRODUCT_BUNDLE_IDENTIFIER = "tonwhales.safari-extensionUITests";
				PRODUCT_NAME = "$(TARGET_NAME)";
				SWIFT_VERSION = 5.0;
				TEST_TARGET_NAME = "safari-extension";
			};
			name = Release;
		};
/* End XCBuildConfiguration section */

/* Begin XCConfigurationList section */
		EB405CE9280DB1DA0070C49A /* Build configuration list for PBXProject "safari-extension" */ = {
			isa = XCConfigurationList;
			buildConfigurations = (
				EB405D33280DB1DC0070C49A /* Debug */,
				EB405D34280DB1DC0070C49A /* Release */,
			);
			defaultConfigurationIsVisible = 0;
			defaultConfigurationName = Release;
		};
		EB405D35280DB1DC0070C49A /* Build configuration list for PBXNativeTarget "safari-extension Extension" */ = {
			isa = XCConfigurationList;
			buildConfigurations = (
				EB405D36280DB1DC0070C49A /* Debug */,
				EB405D37280DB1DC0070C49A /* Release */,
			);
			defaultConfigurationIsVisible = 0;
			defaultConfigurationName = Release;
		};
		EB405D39280DB1DC0070C49A /* Build configuration list for PBXNativeTarget "safari-extension" */ = {
			isa = XCConfigurationList;
			buildConfigurations = (
				EB405D3A280DB1DC0070C49A /* Debug */,
				EB405D3B280DB1DC0070C49A /* Release */,
			);
			defaultConfigurationIsVisible = 0;
			defaultConfigurationName = Release;
		};
		EB405D3C280DB1DC0070C49A /* Build configuration list for PBXNativeTarget "safari-extensionTests" */ = {
			isa = XCConfigurationList;
			buildConfigurations = (
				EB405D3D280DB1DC0070C49A /* Debug */,
				EB405D3E280DB1DC0070C49A /* Release */,
			);
			defaultConfigurationIsVisible = 0;
			defaultConfigurationName = Release;
		};
		EB405D3F280DB1DC0070C49A /* Build configuration list for PBXNativeTarget "safari-extensionUITests" */ = {
			isa = XCConfigurationList;
			buildConfigurations = (
				EB405D40280DB1DC0070C49A /* Debug */,
				EB405D41280DB1DC0070C49A /* Release */,
			);
			defaultConfigurationIsVisible = 0;
			defaultConfigurationName = Release;
		};
/* End XCConfigurationList section */
	};
	rootObject = EB405CE6280DB1DA0070C49A /* Project object */;
}
